
Microsoft Visual Studio Solution File, Format Version 12.00
# Visual Studio Version 17
VisualStudioVersion = 17.14.37314.3 d17.14
MinimumVisualStudioVersion = 10.0.40219.1
Project("{FAE04EC0-301F-11D3-BF4B-00C04F79EFBC}") = "klpt-functions", "klpt-functions\klpt-functions.csproj", "{2661A8E4-1033-42F4-AD27-D2C550C50870}"
EndProject
Global
	GlobalSection(SolutionConfigurationPlatforms) = preSolution
		Debug|Any CPU = Debug|Any CPU
		Release|Any CPU = Release|Any CPU
	EndGlobalSection
	GlobalSection(ProjectConfigurationPlatforms) = postSolution
		{2661A8E4-1033-42F4-AD27-D2C550C50870}.Debug|Any CPU.ActiveCfg = Debug|Any CPU
		{2661A8E4-1033-42F4-AD27-D2C550C50870}.Debug|Any CPU.Build.0 = Debug|Any CPU
		{2661A8E4-1033-42F4-AD27-D2C550C50870}.Release|Any CPU.ActiveCfg = Release|Any CPU
		{2661A8E4-1033-42F4-AD27-D2C550C50870}.Release|Any CPU.Build.0 = Release|Any CPU
	EndGlobalSection
	GlobalSection(SolutionProperties) = preSolution
		HideSolutionNode = FALSE
	EndGlobalSection
	GlobalSection(ExtensibilityGlobals) = postSolution
		SolutionGuid = {1806B7D2-5EAE-45F0-AAA3-C58329F51518}
	EndGlobalSection
EndGlobal
